
Microsoft Visual Studio Solution File, Format Version 12.00
# Visual Studio Version 17
VisualStudioVersion = 17.11.35222.181
MinimumVisualStudioVersion = 10.0.40219.1
Project("{FAE04EC0-301F-11D3-BF4B-00C04F79EFBC}") = "SafeStreet", "SafeStreet\SafeStreet.csproj", "{DDBC06B7-905E-45B6-9FC6-188234E8BF32}"
EndProject
Global
	GlobalSection(SolutionConfigurationPlatforms) = preSolution
		Debug|Any CPU = Debug|Any CPU
		Release|Any CPU = Release|Any CPU
	EndGlobalSection
	GlobalSection(ProjectConfigurationPlatforms) = postSolution
		{DDBC06B7-905E-45B6-9FC6-188234E8BF32}.Debug|Any CPU.ActiveCfg = Debug|Any CPU
		{DDBC06B7-905E-45B6-9FC6-188234E8BF32}.Debug|Any CPU.Build.0 = Debug|Any CPU
		{DDBC06B7-905E-45B6-9FC6-188234E8BF32}.Release|Any CPU.ActiveCfg = Release|Any CPU
		{DDBC06B7-905E-45B6-9FC6-188234E8BF32}.Release|Any CPU.Build.0 = Release|Any CPU
	EndGlobalSection
	GlobalSection(SolutionProperties) = preSolution
		HideSolutionNode = FALSE
	EndGlobalSection
	GlobalSection(ExtensibilityGlobals) = postSolution
		SolutionGuid = {A67B7EAC-9034-4459-A7AD-D5DB9E842043}
	EndGlobalSection
EndGlobal
