
Microsoft Visual Studio Solution File, Format Version 12.00
# Visual Studio Version 17
VisualStudioVersion = 17.11.35327.3
MinimumVisualStudioVersion = 10.0.40219.1
Project("{9A19103F-16F7-4668-BE54-9A1E7A4F7556}") = "SafeStreet", "SafeStreet\SafeStreet.csproj", "{F4499088-9C69-4437-83BD-75B5CEDB0586}"
EndProject
Global
	GlobalSection(SolutionConfigurationPlatforms) = preSolution
		Debug|Any CPU = Debug|Any CPU
		Release|Any CPU = Release|Any CPU
	EndGlobalSection
	GlobalSection(ProjectConfigurationPlatforms) = postSolution
		{F4499088-9C69-4437-83BD-75B5CEDB0586}.Debug|Any CPU.ActiveCfg = Debug|Any CPU
		{F4499088-9C69-4437-83BD-75B5CEDB0586}.Debug|Any CPU.Build.0 = Debug|Any CPU
		{F4499088-9C69-4437-83BD-75B5CEDB0586}.Release|Any CPU.ActiveCfg = Release|Any CPU
		{F4499088-9C69-4437-83BD-75B5CEDB0586}.Release|Any CPU.Build.0 = Release|Any CPU
	EndGlobalSection
	GlobalSection(SolutionProperties) = preSolution
		HideSolutionNode = FALSE
	EndGlobalSection
	GlobalSection(ExtensibilityGlobals) = postSolution
		SolutionGuid = {5862BCD6-9D5C-4FF6-A58C-4C10B0ADF121}
	EndGlobalSection
EndGlobal
